// !$*UTF8*$!
{
	archiveVersion = 1;
	classes = {
	};
	objectVersion = 46;
	objects = {

/* Begin PBXBuildFile section */
		59E0CFA7183CC94F006654F5 /* Foundation.framework in Frameworks */ = {isa = PBXBuildFile; fileRef = 59E0CFA6183CC94F006654F5 /* Foundation.framework */; };
		59E0CFA9183CC94F006654F5 /* CoreGraphics.framework in Frameworks */ = {isa = PBXBuildFile; fileRef = 59E0CFA8183CC94F006654F5 /* CoreGraphics.framework */; };
		59E0CFAB183CC94F006654F5 /* UIKit.framework in Frameworks */ = {isa = PBXBuildFile; fileRef = 59E0CFAA183CC94F006654F5 /* UIKit.framework */; };
		59E0CFB1183CC94F006654F5 /* InfoPlist.strings in Resources */ = {isa = PBXBuildFile; fileRef = 59E0CFAF183CC94F006654F5 /* InfoPlist.strings */; };
		59E0CFB3183CC94F006654F5 /* main.m in Sources */ = {isa = PBXBuildFile; fileRef = 59E0CFB2183CC94F006654F5 /* main.m */; };
		59E0CFB7183CC94F006654F5 /* PKAppDelegate.m in Sources */ = {isa = PBXBuildFile; fileRef = 59E0CFB6183CC94F006654F5 /* PKAppDelegate.m */; };
		59E0CFBA183CC94F006654F5 /* Main_iPhone.storyboard in Resources */ = {isa = PBXBuildFile; fileRef = 59E0CFB8183CC94F006654F5 /* Main_iPhone.storyboard */; };
		59E0CFBD183CC94F006654F5 /* Main_iPad.storyboard in Resources */ = {isa = PBXBuildFile; fileRef = 59E0CFBB183CC94F006654F5 /* Main_iPad.storyboard */; };
		59E0CFC0183CC94F006654F5 /* PKMasterViewController.m in Sources */ = {isa = PBXBuildFile; fileRef = 59E0CFBF183CC94F006654F5 /* PKMasterViewController.m */; };
		59E0CFC3183CC94F006654F5 /* PKDetailViewController.m in Sources */ = {isa = PBXBuildFile; fileRef = 59E0CFC2183CC94F006654F5 /* PKDetailViewController.m */; };
		59E0CFC5183CC94F006654F5 /* Images.xcassets in Resources */ = {isa = PBXBuildFile; fileRef = 59E0CFC4183CC94F006654F5 /* Images.xcassets */; };
		59E0CFCC183CC94F006654F5 /* XCTest.framework in Frameworks */ = {isa = PBXBuildFile; fileRef = 59E0CFCB183CC94F006654F5 /* XCTest.framework */; };
		59E0CFCD183CC94F006654F5 /* Foundation.framework in Frameworks */ = {isa = PBXBuildFile; fileRef = 59E0CFA6183CC94F006654F5 /* Foundation.framework */; };
		59E0CFCE183CC94F006654F5 /* UIKit.framework in Frameworks */ = {isa = PBXBuildFile; fileRef = 59E0CFAA183CC94F006654F5 /* UIKit.framework */; };
		59E0CFD6183CC94F006654F5 /* InfoPlist.strings in Resources */ = {isa = PBXBuildFile; fileRef = 59E0CFD4183CC94F006654F5 /* InfoPlist.strings */; };
		59E0CFD8183CC94F006654F5 /* PokedeskUniversalTests.m in Sources */ = {isa = PBXBuildFile; fileRef = 59E0CFD7183CC94F006654F5 /* PokedeskUniversalTests.m */; };
		59E0CFE6183CCFFF006654F5 /* WebViewController.m in Sources */ = {isa = PBXBuildFile; fileRef = 59E0CFE5183CCFFF006654F5 /* WebViewController.m */; };
		59E0CFEA183CD14E006654F5 /* PokedeskModel.m in Sources */ = {isa = PBXBuildFile; fileRef = 59E0CFE9183CD14E006654F5 /* PokedeskModel.m */; };
		59E0CFED183CD246006654F5 /* Race.m in Sources */ = {isa = PBXBuildFile; fileRef = 59E0CFEC183CD246006654F5 /* Race.m */; };
		59E0CFF0183CD29E006654F5 /* Type.m in Sources */ = {isa = PBXBuildFile; fileRef = 59E0CFEF183CD29E006654F5 /* Type.m */; };
		59E0CFF2183CD2EA006654F5 /* pokemons.plist in Resources */ = {isa = PBXBuildFile; fileRef = 59E0CFF1183CD2EA006654F5 /* pokemons.plist */; };
/* End PBXBuildFile section */

/* Begin PBXContainerItemProxy section */
		59E0CFCF183CC94F006654F5 /* PBXContainerItemProxy */ = {
			isa = PBXContainerItemProxy;
			containerPortal = 59E0CF9B183CC94F006654F5 /* Project object */;
			proxyType = 1;
			remoteGlobalIDString = 59E0CFA2183CC94F006654F5;
			remoteInfo = PokedeskUniversal;
		};
/* End PBXContainerItemProxy section */

/* Begin PBXFileReference section */
		59E0CFA3183CC94F006654F5 /* PokedeskUniversal.app */ = {isa = PBXFileReference; explicitFileType = wrapper.application; includeInIndex = 0; path = PokedeskUniversal.app; sourceTree = BUILT_PRODUCTS_DIR; };
		59E0CFA6183CC94F006654F5 /* Foundation.framework */ = {isa = PBXFileReference; lastKnownFileType = wrapper.framework; name = Foundation.framework; path = System/Library/Frameworks/Foundation.framework; sourceTree = SDKROOT; };
		59E0CFA8183CC94F006654F5 /* CoreGraphics.framework */ = {isa = PBXFileReference; lastKnownFileType = wrapper.framework; name = CoreGraphics.framework; path = System/Library/Frameworks/CoreGraphics.framework; sourceTree = SDKROOT; };
		59E0CFAA183CC94F006654F5 /* UIKit.framework */ = {isa = PBXFileReference; lastKnownFileType = wrapper.framework; name = UIKit.framework; path = System/Library/Frameworks/UIKit.framework; sourceTree = SDKROOT; };
		59E0CFAE183CC94F006654F5 /* PokedeskUniversal-Info.plist */ = {isa = PBXFileReference; lastKnownFileType = text.plist.xml; path = "PokedeskUniversal-Info.plist"; sourceTree = "<group>"; };
		59E0CFB0183CC94F006654F5 /* en */ = {isa = PBXFileReference; lastKnownFileType = text.plist.strings; name = en; path = en.lproj/InfoPlist.strings; sourceTree = "<group>"; };
		59E0CFB2183CC94F006654F5 /* main.m */ = {isa = PBXFileReference; lastKnownFileType = sourcecode.c.objc; path = main.m; sourceTree = "<group>"; };
		59E0CFB4183CC94F006654F5 /* PokedeskUniversal-Prefix.pch */ = {isa = PBXFileReference; lastKnownFileType = sourcecode.c.h; path = "PokedeskUniversal-Prefix.pch"; sourceTree = "<group>"; };
		59E0CFB5183CC94F006654F5 /* PKAppDelegate.h */ = {isa = PBXFileReference; lastKnownFileType = sourcecode.c.h; path = PKAppDelegate.h; sourceTree = "<group>"; };
		59E0CFB6183CC94F006654F5 /* PKAppDelegate.m */ = {isa = PBXFileReference; lastKnownFileType = sourcecode.c.objc; path = PKAppDelegate.m; sourceTree = "<group>"; };
		59E0CFB9183CC94F006654F5 /* Base */ = {isa = PBXFileReference; lastKnownFileType = file.storyboard; name = Base; path = Base.lproj/Main_iPhone.storyboard; sourceTree = "<group>"; };
		59E0CFBC183CC94F006654F5 /* Base */ = {isa = PBXFileReference; lastKnownFileType = file.storyboard; name = Base; path = Base.lproj/Main_iPad.storyboard; sourceTree = "<group>"; };
		59E0CFBE183CC94F006654F5 /* PKMasterViewController.h */ = {isa = PBXFileReference; lastKnownFileType = sourcecode.c.h; path = PKMasterViewController.h; sourceTree = "<group>"; };
		59E0CFBF183CC94F006654F5 /* PKMasterViewController.m */ = {isa = PBXFileReference; lastKnownFileType = sourcecode.c.objc; path = PKMasterViewController.m; sourceTree = "<group>"; };
		59E0CFC1183CC94F006654F5 /* PKDetailViewController.h */ = {isa = PBXFileReference; lastKnownFileType = sourcecode.c.h; path = PKDetailViewController.h; sourceTree = "<group>"; };
		59E0CFC2183CC94F006654F5 /* PKDetailViewController.m */ = {isa = PBXFileReference; lastKnownFileType = sourcecode.c.objc; path = PKDetailViewController.m; sourceTree = "<group>"; };
		59E0CFC4183CC94F006654F5 /* Images.xcassets */ = {isa = PBXFileReference; lastKnownFileType = folder.assetcatalog; path = Images.xcassets; sourceTree = "<group>"; };
		59E0CFCA183CC94F006654F5 /* PokedeskUniversalTests.xctest */ = {isa = PBXFileReference; explicitFileType = wrapper.cfbundle; includeInIndex = 0; path = PokedeskUniversalTests.xctest; sourceTree = BUILT_PRODUCTS_DIR; };
		59E0CFCB183CC94F006654F5 /* XCTest.framework */ = {isa = PBXFileReference; lastKnownFileType = wrapper.framework; name = XCTest.framework; path = Library/Frameworks/XCTest.framework; sourceTree = DEVELOPER_DIR; };
		59E0CFD3183CC94F006654F5 /* PokedeskUniversalTests-Info.plist */ = {isa = PBXFileReference; lastKnownFileType = text.plist.xml; path = "PokedeskUniversalTests-Info.plist"; sourceTree = "<group>"; };
		59E0CFD5183CC94F006654F5 /* en */ = {isa = PBXFileReference; lastKnownFileType = text.plist.strings; name = en; path = en.lproj/InfoPlist.strings; sourceTree = "<group>"; };
		59E0CFD7183CC94F006654F5 /* PokedeskUniversalTests.m */ = {isa = PBXFileReference; lastKnownFileType = sourcecode.c.objc; path = PokedeskUniversalTests.m; sourceTree = "<group>"; };
		59E0CFE4183CCFFF006654F5 /* WebViewController.h */ = {isa = PBXFileReference; fileEncoding = 4; lastKnownFileType = sourcecode.c.h; path = WebViewController.h; sourceTree = "<group>"; };
		59E0CFE5183CCFFF006654F5 /* WebViewController.m */ = {isa = PBXFileReference; fileEncoding = 4; lastKnownFileType = sourcecode.c.objc; path = WebViewController.m; sourceTree = "<group>"; };
		59E0CFE8183CD14E006654F5 /* PokedeskModel.h */ = {isa = PBXFileReference; fileEncoding = 4; lastKnownFileType = sourcecode.c.h; path = PokedeskModel.h; sourceTree = "<group>"; };
		59E0CFE9183CD14E006654F5 /* PokedeskModel.m */ = {isa = PBXFileReference; fileEncoding = 4; lastKnownFileType = sourcecode.c.objc; path = PokedeskModel.m; sourceTree = "<group>"; };
		59E0CFEB183CD246006654F5 /* Race.h */ = {isa = PBXFileReference; fileEncoding = 4; lastKnownFileType = sourcecode.c.h; path = Race.h; sourceTree = "<group>"; };
		59E0CFEC183CD246006654F5 /* Race.m */ = {isa = PBXFileReference; fileEncoding = 4; lastKnownFileType = sourcecode.c.objc; path = Race.m; sourceTree = "<group>"; };
		59E0CFEE183CD29E006654F5 /* Type.h */ = {isa = PBXFileReference; fileEncoding = 4; lastKnownFileType = sourcecode.c.h; path = Type.h; sourceTree = "<group>"; };
		59E0CFEF183CD29E006654F5 /* Type.m */ = {isa = PBXFileReference; fileEncoding = 4; lastKnownFileType = sourcecode.c.objc; path = Type.m; sourceTree = "<group>"; };
		59E0CFF1183CD2EA006654F5 /* pokemons.plist */ = {isa = PBXFileReference; fileEncoding = 4; lastKnownFileType = text.plist.xml; path = pokemons.plist; sourceTree = "<group>"; };
/* End PBXFileReference section */

/* Begin PBXFrameworksBuildPhase section */
		59E0CFA0183CC94F006654F5 /* Frameworks */ = {
			isa = PBXFrameworksBuildPhase;
			buildActionMask = 2147483647;
			files = (
				59E0CFA9183CC94F006654F5 /* CoreGraphics.framework in Frameworks */,
				59E0CFAB183CC94F006654F5 /* UIKit.framework in Frameworks */,
				59E0CFA7183CC94F006654F5 /* Foundation.framework in Frameworks */,
			);
			runOnlyForDeploymentPostprocessing = 0;
		};
		59E0CFC7183CC94F006654F5 /* Frameworks */ = {
			isa = PBXFrameworksBuildPhase;
			buildActionMask = 2147483647;
			files = (
				59E0CFCC183CC94F006654F5 /* XCTest.framework in Frameworks */,
				59E0CFCE183CC94F006654F5 /* UIKit.framework in Frameworks */,
				59E0CFCD183CC94F006654F5 /* Foundation.framework in Frameworks */,
			);
			runOnlyForDeploymentPostprocessing = 0;
		};
/* End PBXFrameworksBuildPhase section */

/* Begin PBXGroup section */
		59E0CF9A183CC94F006654F5 = {
			isa = PBXGroup;
			children = (
				59E0CFAC183CC94F006654F5 /* PokedeskUniversal */,
				59E0CFD1183CC94F006654F5 /* PokedeskUniversalTests */,
				59E0CFA5183CC94F006654F5 /* Frameworks */,
				59E0CFA4183CC94F006654F5 /* Products */,
			);
			sourceTree = "<group>";
		};
		59E0CFA4183CC94F006654F5 /* Products */ = {
			isa = PBXGroup;
			children = (
				59E0CFA3183CC94F006654F5 /* PokedeskUniversal.app */,
				59E0CFCA183CC94F006654F5 /* PokedeskUniversalTests.xctest */,
			);
			name = Products;
			sourceTree = "<group>";
		};
		59E0CFA5183CC94F006654F5 /* Frameworks */ = {
			isa = PBXGroup;
			children = (
				59E0CFA6183CC94F006654F5 /* Foundation.framework */,
				59E0CFA8183CC94F006654F5 /* CoreGraphics.framework */,
				59E0CFAA183CC94F006654F5 /* UIKit.framework */,
				59E0CFCB183CC94F006654F5 /* XCTest.framework */,
			);
			name = Frameworks;
			sourceTree = "<group>";
		};
		59E0CFAC183CC94F006654F5 /* PokedeskUniversal */ = {
			isa = PBXGroup;
			children = (
				59E0CFB5183CC94F006654F5 /* PKAppDelegate.h */,
				59E0CFB6183CC94F006654F5 /* PKAppDelegate.m */,
				59E0CFBE183CC94F006654F5 /* PKMasterViewController.h */,
				59E0CFBF183CC94F006654F5 /* PKMasterViewController.m */,
				59E0CFC1183CC94F006654F5 /* PKDetailViewController.h */,
				59E0CFC2183CC94F006654F5 /* PKDetailViewController.m */,
				59E0CFE4183CCFFF006654F5 /* WebViewController.h */,
				59E0CFE5183CCFFF006654F5 /* WebViewController.m */,
				59E0CFB8183CC94F006654F5 /* Main_iPhone.storyboard */,
				59E0CFBB183CC94F006654F5 /* Main_iPad.storyboard */,
				59E0CFC4183CC94F006654F5 /* Images.xcassets */,
				59E0CFE7183CD0D1006654F5 /* models */,
				59E0CFAD183CC94F006654F5 /* Supporting Files */,
			);
			path = PokedeskUniversal;
			sourceTree = "<group>";
		};
		59E0CFAD183CC94F006654F5 /* Supporting Files */ = {
			isa = PBXGroup;
			children = (
				59E0CFAE183CC94F006654F5 /* PokedeskUniversal-Info.plist */,
				59E0CFAF183CC94F006654F5 /* InfoPlist.strings */,
				59E0CFB2183CC94F006654F5 /* main.m */,
				59E0CFB4183CC94F006654F5 /* PokedeskUniversal-Prefix.pch */,
			);
			name = "Supporting Files";
			sourceTree = "<group>";
		};
		59E0CFD1183CC94F006654F5 /* PokedeskUniversalTests */ = {
			isa = PBXGroup;
			children = (
				59E0CFD7183CC94F006654F5 /* PokedeskUniversalTests.m */,
				59E0CFD2183CC94F006654F5 /* Supporting Files */,
			);
			path = PokedeskUniversalTests;
			sourceTree = "<group>";
		};
		59E0CFD2183CC94F006654F5 /* Supporting Files */ = {
			isa = PBXGroup;
			children = (
				59E0CFD3183CC94F006654F5 /* PokedeskUniversalTests-Info.plist */,
				59E0CFD4183CC94F006654F5 /* InfoPlist.strings */,
			);
			name = "Supporting Files";
			sourceTree = "<group>";
		};
		59E0CFE7183CD0D1006654F5 /* models */ = {
			isa = PBXGroup;
			children = (
				59E0CFE8183CD14E006654F5 /* PokedeskModel.h */,
				59E0CFE9183CD14E006654F5 /* PokedeskModel.m */,
				59E0CFEB183CD246006654F5 /* Race.h */,
				59E0CFEC183CD246006654F5 /* Race.m */,
				59E0CFEE183CD29E006654F5 /* Type.h */,
				59E0CFEF183CD29E006654F5 /* Type.m */,
				59E0CFF1183CD2EA006654F5 /* pokemons.plist */,
			);
			name = models;
			sourceTree = "<group>";
		};
/* End PBXGroup section */

/* Begin PBXNativeTarget section */
		59E0CFA2183CC94F006654F5 /* PokedeskUniversal */ = {
			isa = PBXNativeTarget;
			buildConfigurationList = 59E0CFDB183CC94F006654F5 /* Build configuration list for PBXNativeTarget "PokedeskUniversal" */;
			buildPhases = (
				59E0CF9F183CC94F006654F5 /* Sources */,
				59E0CFA0183CC94F006654F5 /* Frameworks */,
				59E0CFA1183CC94F006654F5 /* Resources */,
			);
			buildRules = (
			);
			dependencies = (
			);
			name = PokedeskUniversal;
			productName = PokedeskUniversal;
			productReference = 59E0CFA3183CC94F006654F5 /* PokedeskUniversal.app */;
			productType = "com.apple.product-type.application";
		};
		59E0CFC9183CC94F006654F5 /* PokedeskUniversalTests */ = {
			isa = PBXNativeTarget;
			buildConfigurationList = 59E0CFDE183CC94F006654F5 /* Build configuration list for PBXNativeTarget "PokedeskUniversalTests" */;
			buildPhases = (
				59E0CFC6183CC94F006654F5 /* Sources */,
				59E0CFC7183CC94F006654F5 /* Frameworks */,
				59E0CFC8183CC94F006654F5 /* Resources */,
			);
			buildRules = (
			);
			dependencies = (
				59E0CFD0183CC94F006654F5 /* PBXTargetDependency */,
			);
			name = PokedeskUniversalTests;
			productName = PokedeskUniversalTests;
			productReference = 59E0CFCA183CC94F006654F5 /* PokedeskUniversalTests.xctest */;
			productType = "com.apple.product-type.bundle.unit-test";
		};
/* End PBXNativeTarget section */

/* Begin PBXProject section */
		59E0CF9B183CC94F006654F5 /* Project object */ = {
			isa = PBXProject;
			attributes = {
				CLASSPREFIX = PK;
				LastUpgradeCheck = 0500;
				ORGANIZATIONNAME = UPM;
				TargetAttributes = {
					59E0CFC9183CC94F006654F5 = {
						TestTargetID = 59E0CFA2183CC94F006654F5;
					};
				};
			};
			buildConfigurationList = 59E0CF9E183CC94F006654F5 /* Build configuration list for PBXProject "PokedeskUniversal" */;
			compatibilityVersion = "Xcode 3.2";
			developmentRegion = English;
			hasScannedForEncodings = 0;
			knownRegions = (
				en,
				Base,
			);
			mainGroup = 59E0CF9A183CC94F006654F5;
			productRefGroup = 59E0CFA4183CC94F006654F5 /* Products */;
			projectDirPath = "";
			projectRoot = "";
			targets = (
				59E0CFA2183CC94F006654F5 /* PokedeskUniversal */,
				59E0CFC9183CC94F006654F5 /* PokedeskUniversalTests */,
			);
		};
/* End PBXProject section */

/* Begin PBXResourcesBuildPhase section */
		59E0CFA1183CC94F006654F5 /* Resources */ = {
			isa = PBXResourcesBuildPhase;
			buildActionMask = 2147483647;
			files = (
				59E0CFBD183CC94F006654F5 /* Main_iPad.storyboard in Resources */,
				59E0CFC5183CC94F006654F5 /* Images.xcassets in Resources */,
				59E0CFF2183CD2EA006654F5 /* pokemons.plist in Resources */,
				59E0CFBA183CC94F006654F5 /* Main_iPhone.storyboard in Resources */,
				59E0CFB1183CC94F006654F5 /* InfoPlist.strings in Resources */,
			);
			runOnlyForDeploymentPostprocessing = 0;
		};
		59E0CFC8183CC94F006654F5 /* Resources */ = {
			isa = PBXResourcesBuildPhase;
			buildActionMask = 2147483647;
			files = (
				59E0CFD6183CC94F006654F5 /* InfoPlist.strings in Resources */,
			);
			runOnlyForDeploymentPostprocessing = 0;
		};
/* End PBXResourcesBuildPhase section */

/* Begin PBXSourcesBuildPhase section */
		59E0CF9F183CC94F006654F5 /* Sources */ = {
			isa = PBXSourcesBuildPhase;
			buildActionMask = 2147483647;
			files = (
				59E0CFED183CD246006654F5 /* Race.m in Sources */,
				59E0CFC3183CC94F006654F5 /* PKDetailViewController.m in Sources */,
				59E0CFE6183CCFFF006654F5 /* WebViewController.m in Sources */,
				59E0CFF0183CD29E006654F5 /* Type.m in Sources */,
				59E0CFB3183CC94F006654F5 /* main.m in Sources */,
				59E0CFC0183CC94F006654F5 /* PKMasterViewController.m in Sources */,
				59E0CFB7183CC94F006654F5 /* PKAppDelegate.m in Sources */,
				59E0CFEA183CD14E006654F5 /* PokedeskModel.m in Sources */,
			);
			runOnlyForDeploymentPostprocessing = 0;
		};
		59E0CFC6183CC94F006654F5 /* Sources */ = {
			isa = PBXSourcesBuildPhase;
			buildActionMask = 2147483647;
			files = (
				59E0CFD8183CC94F006654F5 /* PokedeskUniversalTests.m in Sources */,
			);
			runOnlyForDeploymentPostprocessing = 0;
		};
/* End PBXSourcesBuildPhase section */

/* Begin PBXTargetDependency section */
		59E0CFD0183CC94F006654F5 /* PBXTargetDependency */ = {
			isa = PBXTargetDependency;
			target = 59E0CFA2183CC94F006654F5 /* PokedeskUniversal */;
			targetProxy = 59E0CFCF183CC94F006654F5 /* PBXContainerItemProxy */;
		};
/* End PBXTargetDependency section */

/* Begin PBXVariantGroup section */
		59E0CFAF183CC94F006654F5 /* InfoPlist.strings */ = {
			isa = PBXVariantGroup;
			children = (
				59E0CFB0183CC94F006654F5 /* en */,
			);
			name = InfoPlist.strings;
			sourceTree = "<group>";
		};
		59E0CFB8183CC94F006654F5 /* Main_iPhone.storyboard */ = {
			isa = PBXVariantGroup;
			children = (
				59E0CFB9183CC94F006654F5 /* Base */,
			);
			name = Main_iPhone.storyboard;
			sourceTree = "<group>";
		};
		59E0CFBB183CC94F006654F5 /* Main_iPad.storyboard */ = {
			isa = PBXVariantGroup;
			children = (
				59E0CFBC183CC94F006654F5 /* Base */,
			);
			name = Main_iPad.storyboard;
			sourceTree = "<group>";
		};
		59E0CFD4183CC94F006654F5 /* InfoPlist.strings */ = {
			isa = PBXVariantGroup;
			children = (
				59E0CFD5183CC94F006654F5 /* en */,
			);
			name = InfoPlist.strings;
			sourceTree = "<group>";
		};
/* End PBXVariantGroup section */

/* Begin XCBuildConfiguration section */
		59E0CFD9183CC94F006654F5 /* Debug */ = {
			isa = XCBuildConfiguration;
			buildSettings = {
				ALWAYS_SEARCH_USER_PATHS = NO;
				ARCHS = "$(ARCHS_STANDARD_INCLUDING_64_BIT)";
				CLANG_CXX_LANGUAGE_STANDARD = "gnu++0x";
				CLANG_CXX_LIBRARY = "libc++";
				CLANG_ENABLE_MODULES = YES;
				CLANG_ENABLE_OBJC_ARC = YES;
				CLANG_WARN_BOOL_CONVERSION = YES;
				CLANG_WARN_CONSTANT_CONVERSION = YES;
				CLANG_WARN_DIRECT_OBJC_ISA_USAGE = YES_ERROR;
				CLANG_WARN_EMPTY_BODY = YES;
				CLANG_WARN_ENUM_CONVERSION = YES;
				CLANG_WARN_INT_CONVERSION = YES;
				CLANG_WARN_OBJC_ROOT_CLASS = YES_ERROR;
				CLANG_WARN__DUPLICATE_METHOD_MATCH = YES;
				"CODE_SIGN_IDENTITY[sdk=iphoneos*]" = "iPhone Developer";
				COPY_PHASE_STRIP = NO;
				GCC_C_LANGUAGE_STANDARD = gnu99;
				GCC_DYNAMIC_NO_PIC = NO;
				GCC_OPTIMIZATION_LEVEL = 0;
				GCC_PREPROCESSOR_DEFINITIONS = (
					"DEBUG=1",
					"$(inherited)",
				);
				GCC_SYMBOLS_PRIVATE_EXTERN = NO;
				GCC_WARN_64_TO_32_BIT_CONVERSION = YES;
				GCC_WARN_ABOUT_RETURN_TYPE = YES_ERROR;
				GCC_WARN_UNDECLARED_SELECTOR = YES;
				GCC_WARN_UNINITIALIZED_AUTOS = YES;
				GCC_WARN_UNUSED_FUNCTION = YES;
				GCC_WARN_UNUSED_VARIABLE = YES;
				IPHONEOS_DEPLOYMENT_TARGET = 7.0;
				ONLY_ACTIVE_ARCH = YES;
				SDKROOT = iphoneos;
				TARGETED_DEVICE_FAMILY = "1,2";
			};
			name = Debug;
		};
		59E0CFDA183CC94F006654F5 /* Release */ = {
			isa = XCBuildConfiguration;
			buildSettings = {
				ALWAYS_SEARCH_USER_PATHS = NO;
				ARCHS = "$(ARCHS_STANDARD_INCLUDING_64_BIT)";
				CLANG_CXX_LANGUAGE_STANDARD = "gnu++0x";
				CLANG_CXX_LIBRARY = "libc++";
				CLANG_ENABLE_MODULES = YES;
				CLANG_ENABLE_OBJC_ARC = YES;
				CLANG_WARN_BOOL_CONVERSION = YES;
				CLANG_WARN_CONSTANT_CONVERSION = YES;
				CLANG_WARN_DIRECT_OBJC_ISA_USAGE = YES_ERROR;
				CLANG_WARN_EMPTY_BODY = YES;
				CLANG_WARN_ENUM_CONVERSION = YES;
				CLANG_WARN_INT_CONVERSION = YES;
				CLANG_WARN_OBJC_ROOT_CLASS = YES_ERROR;
				CLANG_WARN__DUPLICATE_METHOD_MATCH = YES;
				"CODE_SIGN_IDENTITY[sdk=iphoneos*]" = "iPhone Developer";
				COPY_PHASE_STRIP = YES;
				ENABLE_NS_ASSERTIONS = NO;
				GCC_C_LANGUAGE_STANDARD = gnu99;
				GCC_WARN_64_TO_32_BIT_CONVERSION = YES;
				GCC_WARN_ABOUT_RETURN_TYPE = YES_ERROR;
				GCC_WARN_UNDECLARED_SELECTOR = YES;
				GCC_WARN_UNINITIALIZED_AUTOS = YES;
				GCC_WARN_UNUSED_FUNCTION = YES;
				GCC_WARN_UNUSED_VARIABLE = YES;
				IPHONEOS_DEPLOYMENT_TARGET = 7.0;
				SDKROOT = iphoneos;
				TARGETED_DEVICE_FAMILY = "1,2";
				VALIDATE_PRODUCT = YES;
			};
			name = Release;
		};
		59E0CFDC183CC94F006654F5 /* Debug */ = {
			isa = XCBuildConfiguration;
			buildSettings = {
				ASSETCATALOG_COMPILER_APPICON_NAME = AppIcon;
				ASSETCATALOG_COMPILER_LAUNCHIMAGE_NAME = LaunchImage;
				GCC_PRECOMPILE_PREFIX_HEADER = YES;
				GCC_PREFIX_HEADER = "PokedeskUniversal/PokedeskUniversal-Prefix.pch";
				INFOPLIST_FILE = "PokedeskUniversal/PokedeskUniversal-Info.plist";
				PRODUCT_NAME = "$(TARGET_NAME)";
				WRAPPER_EXTENSION = app;
			};
			name = Debug;
		};
		59E0CFDD183CC94F006654F5 /* Release */ = {
			isa = XCBuildConfiguration;
			buildSettings = {
				ASSETCATALOG_COMPILER_APPICON_NAME = AppIcon;
				ASSETCATALOG_COMPILER_LAUNCHIMAGE_NAME = LaunchImage;
				GCC_PRECOMPILE_PREFIX_HEADER = YES;
				GCC_PREFIX_HEADER = "PokedeskUniversal/PokedeskUniversal-Prefix.pch";
				INFOPLIST_FILE = "PokedeskUniversal/PokedeskUniversal-Info.plist";
				PRODUCT_NAME = "$(TARGET_NAME)";
				WRAPPER_EXTENSION = app;
			};
			name = Release;
		};
		59E0CFDF183CC94F006654F5 /* Debug */ = {
			isa = XCBuildConfiguration;
			buildSettings = {
				ARCHS = "$(ARCHS_STANDARD_INCLUDING_64_BIT)";
				BUNDLE_LOADER = "$(BUILT_PRODUCTS_DIR)/PokedeskUniversal.app/PokedeskUniversal";
				FRAMEWORK_SEARCH_PATHS = (
					"$(SDKROOT)/Developer/Library/Frameworks",
					"$(inherited)",
					"$(DEVELOPER_FRAMEWORKS_DIR)",
				);
				GCC_PRECOMPILE_PREFIX_HEADER = YES;
				GCC_PREFIX_HEADER = "PokedeskUniversal/PokedeskUniversal-Prefix.pch";
				GCC_PREPROCESSOR_DEFINITIONS = (
					"DEBUG=1",
					"$(inherited)",
				);
				INFOPLIST_FILE = "PokedeskUniversalTests/PokedeskUniversalTests-Info.plist";
				PRODUCT_NAME = "$(TARGET_NAME)";
				TEST_HOST = "$(BUNDLE_LOADER)";
				WRAPPER_EXTENSION = xctest;
			};
			name = Debug;
		};
		59E0CFE0183CC94F006654F5 /* Release */ = {
			isa = XCBuildConfiguration;
			buildSettings = {
				ARCHS = "$(ARCHS_STANDARD_INCLUDING_64_BIT)";
				BUNDLE_LOADER = "$(BUILT_PRODUCTS_DIR)/PokedeskUniversal.app/PokedeskUniversal";
				FRAMEWORK_SEARCH_PATHS = (
					"$(SDKROOT)/Developer/Library/Frameworks",
					"$(inherited)",
					"$(DEVELOPER_FRAMEWORKS_DIR)",
				);
				GCC_PRECOMPILE_PREFIX_HEADER = YES;
				GCC_PREFIX_HEADER = "PokedeskUniversal/PokedeskUniversal-Prefix.pch";
				INFOPLIST_FILE = "PokedeskUniversalTests/PokedeskUniversalTests-Info.plist";
				PRODUCT_NAME = "$(TARGET_NAME)";
				TEST_HOST = "$(BUNDLE_LOADER)";
				WRAPPER_EXTENSION = xctest;
			};
			name = Release;
		};
/* End XCBuildConfiguration section */

/* Begin XCConfigurationList section */
		59E0CF9E183CC94F006654F5 /* Build configuration list for PBXProject "PokedeskUniversal" */ = {
			isa = XCConfigurationList;
			buildConfigurations = (
				59E0CFD9183CC94F006654F5 /* Debug */,
				59E0CFDA183CC94F006654F5 /* Release */,
			);
			defaultConfigurationIsVisible = 0;
			defaultConfigurationName = Release;
		};
		59E0CFDB183CC94F006654F5 /* Build configuration list for PBXNativeTarget "PokedeskUniversal" */ = {
			isa = XCConfigurationList;
			buildConfigurations = (
				59E0CFDC183CC94F006654F5 /* Debug */,
				59E0CFDD183CC94F006654F5 /* Release */,
			);
			defaultConfigurationIsVisible = 0;
			defaultConfigurationName = Release;
		};
		59E0CFDE183CC94F006654F5 /* Build configuration list for PBXNativeTarget "PokedeskUniversalTests" */ = {
			isa = XCConfigurationList;
			buildConfigurations = (
				59E0CFDF183CC94F006654F5 /* Debug */,
				59E0CFE0183CC94F006654F5 /* Release */,
			);
			defaultConfigurationIsVisible = 0;
			defaultConfigurationName = Release;
		};
/* End XCConfigurationList section */
	};
	rootObject = 59E0CF9B183CC94F006654F5 /* Project object */;
}
